// !$*UTF8*$!
{
	archiveVersion = 1;
	classes = {
	};
	objectVersion = 46;
	objects = {

/* Begin PBXBuildFile section */
		CCB94E891CEE693000BC88B9 /* AppDelegate.swift in Sources */ = {isa = PBXBuildFile; fileRef = CCB94E881CEE693000BC88B9 /* AppDelegate.swift */; };
		CCB94E8E1CEE693000BC88B9 /* Main.storyboard in Resources */ = {isa = PBXBuildFile; fileRef = CCB94E8C1CEE693000BC88B9 /* Main.storyboard */; };
		CCB94E901CEE693000BC88B9 /* Assets.xcassets in Resources */ = {isa = PBXBuildFile; fileRef = CCB94E8F1CEE693000BC88B9 /* Assets.xcassets */; };
		CCB94E931CEE693000BC88B9 /* LaunchScreen.storyboard in Resources */ = {isa = PBXBuildFile; fileRef = CCB94E911CEE693000BC88B9 /* LaunchScreen.storyboard */; };
		CCB94E9B1CEE6C9000BC88B9 /* JournalTableViewController.swift in Sources */ = {isa = PBXBuildFile; fileRef = CCB94E9A1CEE6C9000BC88B9 /* JournalTableViewController.swift */; };
		CCB94E9D1CEE6CA600BC88B9 /* EntryDetailViewController.swift in Sources */ = {isa = PBXBuildFile; fileRef = CCB94E9C1CEE6CA600BC88B9 /* EntryDetailViewController.swift */; };
		CCB94E9F1CEE6CBA00BC88B9 /* Entry.swift in Sources */ = {isa = PBXBuildFile; fileRef = CCB94E9E1CEE6CBA00BC88B9 /* Entry.swift */; };
		CCB94EA11CEE6CC800BC88B9 /* EntryController.swift in Sources */ = {isa = PBXBuildFile; fileRef = CCB94EA01CEE6CC800BC88B9 /* EntryController.swift */; };
/* End PBXBuildFile section */

/* Begin PBXFileReference section */
		CCB94E851CEE693000BC88B9 /* Final Journal.app */ = {isa = PBXFileReference; explicitFileType = wrapper.application; includeInIndex = 0; path = "Final Journal.app"; sourceTree = BUILT_PRODUCTS_DIR; };
		CCB94E881CEE693000BC88B9 /* AppDelegate.swift */ = {isa = PBXFileReference; lastKnownFileType = sourcecode.swift; path = AppDelegate.swift; sourceTree = "<group>"; };
		CCB94E8D1CEE693000BC88B9 /* Base */ = {isa = PBXFileReference; lastKnownFileType = file.storyboard; name = Base; path = Base.lproj/Main.storyboard; sourceTree = "<group>"; };
		CCB94E8F1CEE693000BC88B9 /* Assets.xcassets */ = {isa = PBXFileReference; lastKnownFileType = folder.assetcatalog; path = Assets.xcassets; sourceTree = "<group>"; };
		CCB94E921CEE693000BC88B9 /* Base */ = {isa = PBXFileReference; lastKnownFileType = file.storyboard; name = Base; path = Base.lproj/LaunchScreen.storyboard; sourceTree = "<group>"; };
		CCB94E941CEE693000BC88B9 /* Info.plist */ = {isa = PBXFileReference; lastKnownFileType = text.plist.xml; path = Info.plist; sourceTree = "<group>"; };
		CCB94E9A1CEE6C9000BC88B9 /* JournalTableViewController.swift */ = {isa = PBXFileReference; fileEncoding = 4; lastKnownFileType = sourcecode.swift; path = JournalTableViewController.swift; sourceTree = "<group>"; };
		CCB94E9C1CEE6CA600BC88B9 /* EntryDetailViewController.swift */ = {isa = PBXFileReference; fileEncoding = 4; lastKnownFileType = sourcecode.swift; path = EntryDetailViewController.swift; sourceTree = "<group>"; };
		CCB94E9E1CEE6CBA00BC88B9 /* Entry.swift */ = {isa = PBXFileReference; fileEncoding = 4; lastKnownFileType = sourcecode.swift; path = Entry.swift; sourceTree = "<group>"; };
		CCB94EA01CEE6CC800BC88B9 /* EntryController.swift */ = {isa = PBXFileReference; fileEncoding = 4; lastKnownFileType = sourcecode.swift; path = EntryController.swift; sourceTree = "<group>"; };
/* End PBXFileReference section */

/* Begin PBXFrameworksBuildPhase section */
		CCB94E821CEE693000BC88B9 /* Frameworks */ = {
			isa = PBXFrameworksBuildPhase;
			buildActionMask = 2147483647;
			files = (
			);
			runOnlyForDeploymentPostprocessing = 0;
		};
/* End PBXFrameworksBuildPhase section */

/* Begin PBXGroup section */
		CCB94E7C1CEE693000BC88B9 = {
			isa = PBXGroup;
			children = (
				CCB94E871CEE693000BC88B9 /* Final Journal */,
				CCB94E861CEE693000BC88B9 /* Products */,
			);
			sourceTree = "<group>";
		};
		CCB94E861CEE693000BC88B9 /* Products */ = {
			isa = PBXGroup;
			children = (
				CCB94E851CEE693000BC88B9 /* Final Journal.app */,
			);
			name = Products;
			sourceTree = "<group>";
		};
		CCB94E871CEE693000BC88B9 /* Final Journal */ = {
			isa = PBXGroup;
			children = (
				CCB94E881CEE693000BC88B9 /* AppDelegate.swift */,
				CCB94EA21CEE6CF500BC88B9 /* MODEL */,
				CCB94EA41CEE6D4100BC88B9 /* MODEL CONTROLLER */,
				CCB94EA31CEE6D0F00BC88B9 /* VIEW CONTROLLERS */,
				CCB94E8C1CEE693000BC88B9 /* Main.storyboard */,
				CCB94E8F1CEE693000BC88B9 /* Assets.xcassets */,
				CCB94E911CEE693000BC88B9 /* LaunchScreen.storyboard */,
				CCB94E941CEE693000BC88B9 /* Info.plist */,
			);
			path = "Final Journal";
			sourceTree = "<group>";
		};
		CCB94EA21CEE6CF500BC88B9 /* MODEL */ = {
			isa = PBXGroup;
			children = (
				CCB94E9E1CEE6CBA00BC88B9 /* Entry.swift */,
			);
			name = MODEL;
			sourceTree = "<group>";
		};
		CCB94EA31CEE6D0F00BC88B9 /* VIEW CONTROLLERS */ = {
			isa = PBXGroup;
			children = (
				CCB94E9A1CEE6C9000BC88B9 /* JournalTableViewController.swift */,
				CCB94E9C1CEE6CA600BC88B9 /* EntryDetailViewController.swift */,
			);
			name = "VIEW CONTROLLERS";
			sourceTree = "<group>";
		};
		CCB94EA41CEE6D4100BC88B9 /* MODEL CONTROLLER */ = {
			isa = PBXGroup;
			children = (
				CCB94EA01CEE6CC800BC88B9 /* EntryController.swift */,
			);
			name = "MODEL CONTROLLER";
			sourceTree = "<group>";
		};
/* End PBXGroup section */

/* Begin PBXNativeTarget section */
		CCB94E841CEE693000BC88B9 /* Final Journal */ = {
			isa = PBXNativeTarget;
			buildConfigurationList = CCB94E971CEE693000BC88B9 /* Build configuration list for PBXNativeTarget "Final Journal" */;
			buildPhases = (
				CCB94E811CEE693000BC88B9 /* Sources */,
				CCB94E821CEE693000BC88B9 /* Frameworks */,
				CCB94E831CEE693000BC88B9 /* Resources */,
			);
			buildRules = (
			);
			dependencies = (
			);
			name = "Final Journal";
			productName = "Final Journal";
			productReference = CCB94E851CEE693000BC88B9 /* Final Journal.app */;
			productType = "com.apple.product-type.application";
		};
/* End PBXNativeTarget section */

/* Begin PBXProject section */
		CCB94E7D1CEE693000BC88B9 /* Project object */ = {
			isa = PBXProject;
			attributes = {
				LastSwiftUpdateCheck = 0730;
				LastUpgradeCheck = 0730;
				ORGANIZATIONNAME = "Module 9.2";
				TargetAttributes = {
					CCB94E841CEE693000BC88B9 = {
						CreatedOnToolsVersion = 7.3;
						DevelopmentTeam = WP96JMRW5V;
					};
				};
			};
			buildConfigurationList = CCB94E801CEE693000BC88B9 /* Build configuration list for PBXProject "Final Journal" */;
			compatibilityVersion = "Xcode 3.2";
			developmentRegion = English;
			hasScannedForEncodings = 0;
			knownRegions = (
				en,
				Base,
			);
			mainGroup = CCB94E7C1CEE693000BC88B9;
			productRefGroup = CCB94E861CEE693000BC88B9 /* Products */;
			projectDirPath = "";
			projectRoot = "";
			targets = (
				CCB94E841CEE693000BC88B9 /* Final Journal */,
			);
		};
/* End PBXProject section */

/* Begin PBXResourcesBuildPhase section */
		CCB94E831CEE693000BC88B9 /* Resources */ = {
			isa = PBXResourcesBuildPhase;
			buildActionMask = 2147483647;
			files = (
				CCB94E931CEE693000BC88B9 /* LaunchScreen.storyboard in Resources */,
				CCB94E901CEE693000BC88B9 /* Assets.xcassets in Resources */,
				CCB94E8E1CEE693000BC88B9 /* Main.storyboard in Resources */,
			);
			runOnlyForDeploymentPostprocessing = 0;
		};
/* End PBXResourcesBuildPhase section */

/* Begin PBXSourcesBuildPhase section */
		CCB94E811CEE693000BC88B9 /* Sources */ = {
			isa = PBXSourcesBuildPhase;
			buildActionMask = 2147483647;
			files = (
				CCB94E9F1CEE6CBA00BC88B9 /* Entry.swift in Sources */,
				CCB94E9B1CEE6C9000BC88B9 /* JournalTableViewController.swift in Sources */,
				CCB94EA11CEE6CC800BC88B9 /* EntryController.swift in Sources */,
				CCB94E9D1CEE6CA600BC88B9 /* EntryDetailViewController.swift in Sources */,
				CCB94E891CEE693000BC88B9 /* AppDelegate.swift in Sources */,
			);
			runOnlyForDeploymentPostprocessing = 0;
		};
/* End PBXSourcesBuildPhase section */

/* Begin PBXVariantGroup section */
		CCB94E8C1CEE693000BC88B9 /* Main.storyboard */ = {
			isa = PBXVariantGroup;
			children = (
				CCB94E8D1CEE693000BC88B9 /* Base */,
			);
			name = Main.storyboard;
			sourceTree = "<group>";
		};
		CCB94E911CEE693000BC88B9 /* LaunchScreen.storyboard */ = {
			isa = PBXVariantGroup;
			children = (
				CCB94E921CEE693000BC88B9 /* Base */,
			);
			name = LaunchScreen.storyboard;
			sourceTree = "<group>";
		};
/* End PBXVariantGroup section */

/* Begin XCBuildConfiguration section */
		CCB94E951CEE693000BC88B9 /* Debug */ = {
			isa = XCBuildConfiguration;
			buildSettings = {
				ALWAYS_SEARCH_USER_PATHS = NO;
				CLANG_ANALYZER_NONNULL = YES;
				CLANG_CXX_LANGUAGE_STANDARD = "gnu++0x";
				CLANG_CXX_LIBRARY = "libc++";
				CLANG_ENABLE_MODULES = YES;
				CLANG_ENABLE_OBJC_ARC = YES;
				CLANG_WARN_BOOL_CONVERSION = YES;
				CLANG_WARN_CONSTANT_CONVERSION = YES;
				CLANG_WARN_DIRECT_OBJC_ISA_USAGE = YES_ERROR;
				CLANG_WARN_EMPTY_BODY = YES;
				CLANG_WARN_ENUM_CONVERSION = YES;
				CLANG_WARN_INT_CONVERSION = YES;
				CLANG_WARN_OBJC_ROOT_CLASS = YES_ERROR;
				CLANG_WARN_UNREACHABLE_CODE = YES;
				CLANG_WARN__DUPLICATE_METHOD_MATCH = YES;
				"CODE_SIGN_IDENTITY[sdk=iphoneos*]" = "iPhone Developer";
				COPY_PHASE_STRIP = NO;
				DEBUG_INFORMATION_FORMAT = dwarf;
				ENABLE_STRICT_OBJC_MSGSEND = YES;
				ENABLE_TESTABILITY = YES;
				GCC_C_LANGUAGE_STANDARD = gnu99;
				GCC_DYNAMIC_NO_PIC = NO;
				GCC_NO_COMMON_BLOCKS = YES;
				GCC_OPTIMIZATION_LEVEL = 0;
				GCC_PREPROCESSOR_DEFINITIONS = (
					"DEBUG=1",
					"$(inherited)",
				);
				GCC_WARN_64_TO_32_BIT_CONVERSION = YES;
				GCC_WARN_ABOUT_RETURN_TYPE = YES_ERROR;
				GCC_WARN_UNDECLARED_SELECTOR = YES;
				GCC_WARN_UNINITIALIZED_AUTOS = YES_AGGRESSIVE;
				GCC_WARN_UNUSED_FUNCTION = YES;
				GCC_WARN_UNUSED_VARIABLE = YES;
				IPHONEOS_DEPLOYMENT_TARGET = 9.3;
				MTL_ENABLE_DEBUG_INFO = YES;
				ONLY_ACTIVE_ARCH = YES;
				SDKROOT = iphoneos;
				SWIFT_OPTIMIZATION_LEVEL = "-Onone";
				TARGETED_DEVICE_FAMILY = "1,2";
			};
			name = Debug;
		};
		CCB94E961CEE693000BC88B9 /* Release */ = {
			isa = XCBuildConfiguration;
			buildSettings = {
				ALWAYS_SEARCH_USER_PATHS = NO;
				CLANG_ANALYZER_NONNULL = YES;
				CLANG_CXX_LANGUAGE_STANDARD = "gnu++0x";
				CLANG_CXX_LIBRARY = "libc++";
				CLANG_ENABLE_MODULES = YES;
				CLANG_ENABLE_OBJC_ARC = YES;
				CLANG_WARN_BOOL_CONVERSION = YES;
				CLANG_WARN_CONSTANT_CONVERSION = YES;
				CLANG_WARN_DIRECT_OBJC_ISA_USAGE = YES_ERROR;
				CLANG_WARN_EMPTY_BODY = YES;
				CLANG_WARN_ENUM_CONVERSION = YES;
				CLANG_WARN_INT_CONVERSION = YES;
				CLANG_WARN_OBJC_ROOT_CLASS = YES_ERROR;
				CLANG_WARN_UNREACHABLE_CODE = YES;
				CLANG_WARN__DUPLICATE_METHOD_MATCH = YES;
				"CODE_SIGN_IDENTITY[sdk=iphoneos*]" = "iPhone Developer";
				COPY_PHASE_STRIP = NO;
				DEBUG_INFORMATION_FORMAT = "dwarf-with-dsym";
				ENABLE_NS_ASSERTIONS = NO;
				ENABLE_STRICT_OBJC_MSGSEND = YES;
				GCC_C_LANGUAGE_STANDARD = gnu99;
				GCC_NO_COMMON_BLOCKS = YES;
				GCC_WARN_64_TO_32_BIT_CONVERSION = YES;
				GCC_WARN_ABOUT_RETURN_TYPE = YES_ERROR;
				GCC_WARN_UNDECLARED_SELECTOR = YES;
				GCC_WARN_UNINITIALIZED_AUTOS = YES_AGGRESSIVE;
				GCC_WARN_UNUSED_FUNCTION = YES;
				GCC_WARN_UNUSED_VARIABLE = YES;
				IPHONEOS_DEPLOYMENT_TARGET = 9.3;
				MTL_ENABLE_DEBUG_INFO = NO;
				SDKROOT = iphoneos;
				TARGETED_DEVICE_FAMILY = "1,2";
				VALIDATE_PRODUCT = YES;
			};
			name = Release;
		};
		CCB94E981CEE693000BC88B9 /* Debug */ = {
			isa = XCBuildConfiguration;
			buildSettings = {
				ASSETCATALOG_COMPILER_APPICON_NAME = AppIcon;
				INFOPLIST_FILE = "Final Journal/Info.plist";
				LD_RUNPATH_SEARCH_PATHS = "$(inherited) @executable_path/Frameworks";
				PRODUCT_BUNDLE_IDENTIFIER = "com.example..Final-Journal";
				PRODUCT_NAME = "$(TARGET_NAME)";
			};
			name = Debug;
		};
		CCB94E991CEE693000BC88B9 /* Release */ = {
			isa = XCBuildConfiguration;
			buildSettings = {
				ASSETCATALOG_COMPILER_APPICON_NAME = AppIcon;
				INFOPLIST_FILE = "Final Journal/Info.plist";
				LD_RUNPATH_SEARCH_PATHS = "$(inherited) @executable_path/Frameworks";
				PRODUCT_BUNDLE_IDENTIFIER = "com.example..Final-Journal";
				PRODUCT_NAME = "$(TARGET_NAME)";
			};
			name = Release;
		};
/* End XCBuildConfiguration section */

/* Begin XCConfigurationList section */
		CCB94E801CEE693000BC88B9 /* Build configuration list for PBXProject "Final Journal" */ = {
			isa = XCConfigurationList;
			buildConfigurations = (
				CCB94E951CEE693000BC88B9 /* Debug */,
				CCB94E961CEE693000BC88B9 /* Release */,
			);
			defaultConfigurationIsVisible = 0;
			defaultConfigurationName = Release;
		};
		CCB94E971CEE693000BC88B9 /* Build configuration list for PBXNativeTarget "Final Journal" */ = {
			isa = XCConfigurationList;
			buildConfigurations = (
				CCB94E981CEE693000BC88B9 /* Debug */,
				CCB94E991CEE693000BC88B9 /* Release */,
			);
			defaultConfigurationIsVisible = 0;
		};
/* End XCConfigurationList section */
	};
	rootObject = CCB94E7D1CEE693000BC88B9 /* Project object */;
}
